{
  "originHash" : "9b7a1cc56d1aadbe16193fb7f6681c0b84e95f808e1aaa1e86b21c0ce4edbb2b",
  "pins" : [
    {
      "identity" : "helium-swift",
      "kind" : "remoteSourceControl",
      "location" : "https://github.com/cloudcaptainai/helium-swift",
      "state" : {
        "revision" : "20c70383f2ab323ce08e12823f7b221f00a3647f",
        "version" : "4.1.4"
      }
    },
    {
      "identity" : "stripe-ios-spm",
      "kind" : "remoteSourceControl",
      "location" : "https://github.com/stripe/stripe-ios-spm",
      "state" : {
        "revision" : "a6c3e95198fde712b420a448f591f1a365ffafe0",
        "version" : "25.6.2"
      }
    }
  ],
  "version" : 3
}
